<?xml version="1.0" encoding="utf-8"?>
<Project ToolsVersion="4.0" xmlns="http://schemas.microsoft.com/developer/msbuild/2003">
  <ItemGroup>
    <ClCompile Include="dllmain.cpp" />
    <ClCompile Include="..\pecker_framework\pfx_api_info.cpp">
      <Filter>configs</Filter>
    </ClCompile>
    <ClCompile Include="..\pecker_framework\native\pecker_stream.cpp">
      <Filter>native</Filter>
    </ClCompile>
    <ClCompile Include="..\pecker_framework\native\pecker_tick.cpp">
      <Filter>native</Filter>
    </ClCompile>
    <ClCompile Include="..\pecker_framework\native\pfx_file_io.cpp">
      <Filter>native</Filter>
    </ClCompile>
    <ClCompile Include="..\pecker_framework\pfx_defines.cpp">
      <Filter>configs</Filter>
    </ClCompile>
    <ClCompile Include="..\pecker_framework\native\asyn_udp_comm.cpp">
      <Filter>native</Filter>
    </ClCompile>
    <ClCompile Include="..\pecker_framework\native\socket_param.cpp">
      <Filter>native</Filter>
    </ClCompile>
    <ClCompile Include="..\pecker_framework\native\syn_lock.cpp">
      <Filter>native</Filter>
    </ClCompile>
    <ClCompile Include="..\pecker_framework\native\udp_socket.cpp">
      <Filter>native</Filter>
    </ClCompile>
    <ClCompile Include="..\pecker_framework\render\pfx_image.cpp">
      <Filter>render</Filter>
    </ClCompile>
  </ItemGroup>
  <ItemGroup>
    <Filter Include="configs">
      <UniqueIdentifier>{07d67c27-e28d-435e-869b-19418ffe1060}</UniqueIdentifier>
    </Filter>
    <Filter Include="data">
      <UniqueIdentifier>{77da8e8e-6a14-4461-b7d4-3ee4f5ca78d9}</UniqueIdentifier>
    </Filter>
    <Filter Include="native">
      <UniqueIdentifier>{560a34f1-4aed-4679-b470-0deb030a3505}</UniqueIdentifier>
    </Filter>
    <Filter Include="render">
      <UniqueIdentifier>{64c274fe-06e8-492e-88b5-a817d97e30bf}</UniqueIdentifier>
    </Filter>
    <Filter Include="render\render_system">
      <UniqueIdentifier>{ab99c53d-50d2-4047-a3aa-b1d5e8ed6c04}</UniqueIdentifier>
    </Filter>
    <Filter Include="render\render_util">
      <UniqueIdentifier>{c780a2ff-8078-4380-9fae-ef5ef789c5ae}</UniqueIdentifier>
    </Filter>
    <Filter Include="include">
      <UniqueIdentifier>{a732ba44-a170-4e28-aa15-0b22dcd37341}</UniqueIdentifier>
    </Filter>
  </ItemGroup>
  <ItemGroup>
    <ClInclude Include="..\pecker_framework\data\pecker_value_compare.h">
      <Filter>data</Filter>
    </ClInclude>
    <ClInclude Include="..\pecker_framework\data\pfx_util.h">
      <Filter>data</Filter>
    </ClInclude>
    <ClInclude Include="..\pecker_framework\data\pfx_cbst.h">
      <Filter>data</Filter>
    </ClInclude>
    <ClInclude Include="..\pecker_framework\data\pfx_cbst_iterator_codes.h">
      <Filter>data</Filter>
    </ClInclude>
    <ClInclude Include="..\pecker_framework\data\pfx_clist.h">
      <Filter>data</Filter>
    </ClInclude>
    <ClInclude Include="..\pecker_framework\data\pfx_math.h">
      <Filter>data</Filter>
    </ClInclude>
    <ClInclude Include="..\pecker_framework\data\pfx_math_table.h">
      <Filter>data</Filter>
    </ClInclude>
    <ClInclude Include="..\pecker_framework\pfx_configs.h">
      <Filter>configs</Filter>
    </ClInclude>
    <ClInclude Include="..\pecker_framework\pfx_defines.h">
      <Filter>configs</Filter>
    </ClInclude>
    <ClInclude Include="..\pecker_framework\pfx_api_info.h">
      <Filter>configs</Filter>
    </ClInclude>
    <ClInclude Include="..\pecker_framework\data\pfx_binary_search_tree.h">
      <Filter>data</Filter>
    </ClInclude>
    <ClInclude Include="..\pecker_framework\data\pecker_data.h">
      <Filter>data</Filter>
    </ClInclude>
    <ClInclude Include="..\pecker_framework\data\pfx_cstring.h">
      <Filter>data</Filter>
    </ClInclude>
    <ClInclude Include="..\pecker_framework\data\pfx_fixed_point.h">
      <Filter>data</Filter>
    </ClInclude>
    <ClInclude Include="..\pecker_framework\native\pecker_stream.h">
      <Filter>native</Filter>
    </ClInclude>
    <ClInclude Include="..\pecker_framework\native\pecker_system.h">
      <Filter>native</Filter>
    </ClInclude>
    <ClInclude Include="..\pecker_framework\native\pecker_timetick.h">
      <Filter>native</Filter>
    </ClInclude>
    <ClInclude Include="..\pecker_framework\native\pfx_log.h">
      <Filter>native</Filter>
    </ClInclude>
    <ClInclude Include="..\pecker_framework\native\pfx_file_io.h">
      <Filter>native</Filter>
    </ClInclude>
    <ClInclude Include="..\pecker_framework\native\pecker_allocator.h">
      <Filter>native</Filter>
    </ClInclude>
    <ClInclude Include="..\pecker_framework\data\pfx_iterator.h">
      <Filter>data</Filter>
    </ClInclude>
    <ClInclude Include="..\pecker_framework\data\pfx_dynamic_array.h">
      <Filter>data</Filter>
    </ClInclude>
    <ClInclude Include="..\pecker_framework\data\pfx_data_traits.h">
      <Filter>data</Filter>
    </ClInclude>
    <ClInclude Include="..\pecker_framework\render\pfx_render_traits.h">
      <Filter>render</Filter>
    </ClInclude>
    <ClInclude Include="..\pecker_framework\render\pfx_color.h">
      <Filter>render</Filter>
    </ClInclude>
    <ClInclude Include="..\pecker_framework\data\pfx_share_object.h">
      <Filter>data</Filter>
    </ClInclude>
    <ClInclude Include="..\pecker_framework\render\render_system\pfx_texture.h">
      <Filter>render\render_system</Filter>
    </ClInclude>
    <ClInclude Include="..\pecker_framework\data\pfx_region.h">
      <Filter>data</Filter>
    </ClInclude>
    <ClInclude Include="..\pecker_framework\render\pfx_image.h">
      <Filter>render</Filter>
    </ClInclude>
    <ClInclude Include="..\pecker_framework\render\render_system\pfx_framebuffer_object.h">
      <Filter>render\render_system</Filter>
    </ClInclude>
    <ClInclude Include="..\pecker_framework\render\render_system\pfx_buffer_object.h">
      <Filter>render\render_system</Filter>
    </ClInclude>
    <ClInclude Include="..\pecker_framework\render\pfx_render_defs.h">
      <Filter>render</Filter>
    </ClInclude>
    <ClInclude Include="..\pecker_framework\data\pfx_cvector_alg.h">
      <Filter>data</Filter>
    </ClInclude>
    <ClInclude Include="..\pecker_framework\data\pfx_cvector.h">
      <Filter>data</Filter>
    </ClInclude>
    <ClInclude Include="..\pecker_framework\data\pfx_cmatrix.h">
      <Filter>data</Filter>
    </ClInclude>
    <ClInclude Include="..\pecker_framework\data\pfx_cvector_alg_codes.h">
      <Filter>data</Filter>
    </ClInclude>
    <ClInclude Include="..\pecker_framework\data\pfx_cmatrix_codes.h">
      <Filter>data</Filter>
    </ClInclude>
    <ClInclude Include="..\pecker_framework\data\pfx_cmatrix4.h">
      <Filter>data</Filter>
    </ClInclude>
    <ClInclude Include="..\pecker_framework\render\render_system\pfx_shader_program.h">
      <Filter>render\render_system</Filter>
    </ClInclude>
    <ClInclude Include="..\pecker_framework\render\render_system\pfx_render_device.h">
      <Filter>render\render_system</Filter>
    </ClInclude>
    <ClInclude Include="..\pecker_framework\data\pfx_cblock.h">
      <Filter>data</Filter>
    </ClInclude>
    <ClInclude Include="..\pecker_framework\data\pfx_cstring_codes.h">
      <Filter>data</Filter>
    </ClInclude>
    <ClInclude Include="..\pecker_framework\data\pfx_string_compare.h">
      <Filter>data</Filter>
    </ClInclude>
    <ClInclude Include="..\pecker_framework\data\pfx_string_cmp_codes.h">
      <Filter>data</Filter>
    </ClInclude>
    <ClInclude Include="..\pecker_framework\data\pfx_cshare_string_codes.h">
      <Filter>data</Filter>
    </ClInclude>
    <ClInclude Include="..\pecker_framework\data\pfx_cshare_string.h">
      <Filter>data</Filter>
    </ClInclude>
    <ClInclude Include="..\pecker_framework\data\pfx_cbst_codes.h">
      <Filter>data</Filter>
    </ClInclude>
    <ClInclude Include="..\pecker_framework\data\pfx_carray.h">
      <Filter>data</Filter>
    </ClInclude>
    <ClInclude Include="..\pecker_framework\native\linux_thread.h">
      <Filter>native</Filter>
    </ClInclude>
    <ClInclude Include="..\pecker_framework\native\socket_param.h">
      <Filter>native</Filter>
    </ClInclude>
    <ClInclude Include="..\pecker_framework\native\syn_lock.h">
      <Filter>native</Filter>
    </ClInclude>
    <ClInclude Include="..\pecker_framework\native\thread_param.h">
      <Filter>native</Filter>
    </ClInclude>
    <ClInclude Include="..\pecker_framework\native\udp_asyn_comm.h">
      <Filter>native</Filter>
    </ClInclude>
    <ClInclude Include="..\pecker_framework\native\udp_socket.h">
      <Filter>native</Filter>
    </ClInclude>
    <ClInclude Include="..\pecker_framework\native\window_thread.h">
      <Filter>native</Filter>
    </ClInclude>
    <ClInclude Include="..\pecker_framework\native\pfx_thread.h">
      <Filter>native</Filter>
    </ClInclude>
    <ClInclude Include="..\pecker_framework\pfx_os_hal.h">
      <Filter>configs</Filter>
    </ClInclude>
    <ClInclude Include="..\pecker_framework\data\pfx_linked_mem_pool.h">
      <Filter>data</Filter>
    </ClInclude>
    <ClInclude Include="..\pecker_framework\data\pfx_reference.h">
      <Filter>data</Filter>
    </ClInclude>
    <ClInclude Include="..\pecker_framework\native\pfx_disposeable.h">
      <Filter>native</Filter>
    </ClInclude>
    <ClInclude Include="..\pecker_framework\render\pfx_render_allocator.h">
      <Filter>render</Filter>
    </ClInclude>
    <ClInclude Include="..\pecker_framework\render\pfx_on_context_view.h">
      <Filter>render</Filter>
    </ClInclude>
    <ClInclude Include="..\pecker_framework\native\pfx_native_form.h">
      <Filter>native</Filter>
    </ClInclude>
    <ClInclude Include="..\pecker_framework\native\pfx_native_component.h">
      <Filter>native</Filter>
    </ClInclude>
    <ClInclude Include="..\pecker_framework\native\window_native_form.h">
      <Filter>native</Filter>
    </ClInclude>
  </ItemGroup>
  <ItemGroup>
    <None Include="readme.txt" />
    <None Include="..\pecker_framework\include\carray">
      <Filter>include</Filter>
    </None>
    <None Include="..\pecker_framework\include\cbst">
      <Filter>include</Filter>
    </None>
    <None Include="..\pecker_framework\include\clist">
      <Filter>include</Filter>
    </None>
    <None Include="..\pecker_framework\include\cmatrix">
      <Filter>include</Filter>
    </None>
    <None Include="..\pecker_framework\include\cmatrix4">
      <Filter>include</Filter>
    </None>
    <None Include="..\pecker_framework\include\cmp">
      <Filter>include</Filter>
    </None>
    <None Include="..\pecker_framework\include\cshare_object">
      <Filter>include</Filter>
    </None>
    <None Include="..\pecker_framework\include\cstring">
      <Filter>include</Filter>
    </None>
    <None Include="..\pecker_framework\include\cvector">
      <Filter>include</Filter>
    </None>
    <None Include="..\pecker_framework\include\util">
      <Filter>include</Filter>
    </None>
    <None Include="..\pecker_framework\include\config">
      <Filter>include</Filter>
    </None>
    <None Include="..\pecker_framework\include\native">
      <Filter>include</Filter>
    </None>
  </ItemGroup>
</Project>