<?xml version="1.0" encoding="utf-8"?>
<Project ToolsVersion="4.0" xmlns="http://schemas.microsoft.com/developer/msbuild/2003">
  <ItemGroup>
    <Filter Include="configs">
      <UniqueIdentifier>{a7457a86-a57f-4d4e-9d74-cfaca27b5463}</UniqueIdentifier>
    </Filter>
    <Filter Include="render">
      <UniqueIdentifier>{b340f1a6-5a5b-4c0d-841f-7df610c5e60c}</UniqueIdentifier>
    </Filter>
    <Filter Include="render\render_system">
      <UniqueIdentifier>{8932da5d-424a-439d-93c6-36e3255f606d}</UniqueIdentifier>
    </Filter>
    <Filter Include="render\render_util">
      <UniqueIdentifier>{bddcc7e9-d17a-4d3a-bda9-ac6412ef906d}</UniqueIdentifier>
    </Filter>
    <Filter Include="render\render_system\opengles">
      <UniqueIdentifier>{6032e758-74d9-463f-984b-4237aeaf8422}</UniqueIdentifier>
    </Filter>
    <Filter Include="render\render_system\glsl10">
      <UniqueIdentifier>{0a7a43ec-e6b5-4591-82f4-b90a1a89171c}</UniqueIdentifier>
    </Filter>
  </ItemGroup>
  <ItemGroup>
    <ClInclude Include="..\pecker_framework\pfx_configs.h">
      <Filter>configs</Filter>
    </ClInclude>
    <ClInclude Include="..\pecker_framework\pfx_defines.h">
      <Filter>configs</Filter>
    </ClInclude>
    <ClInclude Include="..\pecker_framework\pfx_hal_info.h">
      <Filter>configs</Filter>
    </ClInclude>
    <ClInclude Include="..\pecker_framework\render\pfx_color.h">
      <Filter>render</Filter>
    </ClInclude>
    <ClInclude Include="..\pecker_framework\render\pfx_image.h">
      <Filter>render</Filter>
    </ClInclude>
    <ClInclude Include="..\pecker_framework\render\pfx_render_defs.h">
      <Filter>render</Filter>
    </ClInclude>
    <ClInclude Include="..\pecker_framework\render\pfx_render_traits.h">
      <Filter>render</Filter>
    </ClInclude>
    <ClInclude Include="..\pecker_framework\render\render_system\pfx_buffer_object.h">
      <Filter>render\render_system</Filter>
    </ClInclude>
    <ClInclude Include="..\pecker_framework\render\render_system\pfx_framebuffer_object.h">
      <Filter>render\render_system</Filter>
    </ClInclude>
    <ClInclude Include="..\pecker_framework\render\render_system\pfx_render_device.h">
      <Filter>render\render_system</Filter>
    </ClInclude>
    <ClInclude Include="..\pecker_framework\render\render_system\pfx_shader_program.h">
      <Filter>render\render_system</Filter>
    </ClInclude>
    <ClInclude Include="..\pecker_framework\render\render_system\pfx_texture.h">
      <Filter>render\render_system</Filter>
    </ClInclude>
    <ClInclude Include="..\pecker_framework\render\render_system\opengles2\pfx_shader_program_gles.h">
      <Filter>render\render_system\opengles</Filter>
    </ClInclude>
    <ClInclude Include="..\pecker_framework\pfx_hal_info_gles2.h">
      <Filter>configs</Filter>
    </ClInclude>
    <ClInclude Include="..\pecker_framework\render\render_system\opengles2\pfx_render_state_gles.h">
      <Filter>render\render_system\opengles</Filter>
    </ClInclude>
    <ClInclude Include="..\pecker_framework\render\render_system\opengles2\pfx_buffer_object_gles.h">
      <Filter>render\render_system\opengles</Filter>
    </ClInclude>
    <ClInclude Include="..\pecker_framework\render\render_system\opengles2\pfx_texture_gles.h">
      <Filter>render\render_system\opengles</Filter>
    </ClInclude>
    <ClInclude Include="..\pecker_framework\render\pfx_on_context_view.h">
      <Filter>render</Filter>
    </ClInclude>
    <ClInclude Include="..\pecker_framework\render\render_system\opengles2\pfx_display_context_gles.h">
      <Filter>render\render_system\opengles</Filter>
    </ClInclude>
    <ClInclude Include="..\pecker_framework\render\render_system\glsl_10\pfx_gles10_shader_source.h">
      <Filter>render\render_system\glsl10</Filter>
    </ClInclude>
    <ClInclude Include="..\pecker_framework\render\pfx_render_allocator.h">
      <Filter>render</Filter>
    </ClInclude>
  </ItemGroup>
  <ItemGroup>
    <ClCompile Include="dllmain.cpp" />
    <ClCompile Include="..\pecker_framework\pfx_hal_info.cpp">
      <Filter>configs</Filter>
    </ClCompile>
    <ClCompile Include="..\pecker_framework\pfx_hal_info_gles2.cpp">
      <Filter>configs</Filter>
    </ClCompile>
    <ClCompile Include="..\pecker_framework\render\render_system\opengles2\pfx_shader_program_gles.cpp">
      <Filter>render\render_system\opengles</Filter>
    </ClCompile>
    <ClCompile Include="..\pecker_framework\render\render_system\opengles2\pfx_render_state_gles.cpp">
      <Filter>render\render_system\opengles</Filter>
    </ClCompile>
    <ClCompile Include="..\pecker_framework\render\render_system\opengles2\pfx_buffer_object_gles.cpp">
      <Filter>render\render_system\opengles</Filter>
    </ClCompile>
    <ClCompile Include="..\pecker_framework\render\render_system\opengles2\pfx_texture_gles.cpp">
      <Filter>render\render_system\opengles</Filter>
    </ClCompile>
    <ClCompile Include="..\pecker_framework\render\render_system\opengles2\pfx_display_context_gles.cpp">
      <Filter>render\render_system\opengles</Filter>
    </ClCompile>
    <ClCompile Include="..\pecker_framework\render\render_system\glsl_10\pfx_gles10_shader_source.cpp">
      <Filter>render\render_system\glsl10</Filter>
    </ClCompile>
    <ClCompile Include="..\pecker_framework\render\pfx_image.cpp">
      <Filter>render</Filter>
    </ClCompile>
  </ItemGroup>
  <ItemGroup>
    <None Include="..\pecker_framework\render\opengles2_render_system.h">
      <Filter>render</Filter>
    </None>
  </ItemGroup>
</Project>