<?xml version="1.0" encoding="utf-8"?>
<Project ToolsVersion="4.0" xmlns="http://schemas.microsoft.com/developer/msbuild/2003">
  <ItemGroup>
    <Filter Include="Source Files">
      <UniqueIdentifier>{4FC737F1-C7A5-4376-A066-2A32D752A2FF}</UniqueIdentifier>
      <Extensions>cpp;c;cc;cxx;def;odl;idl;hpj;bat;asm;asmx</Extensions>
    </Filter>
    <Filter Include="Header Files">
      <UniqueIdentifier>{93995380-89BD-4b04-88EB-625FBE52EBFB}</UniqueIdentifier>
      <Extensions>h;hpp;hxx;hm;inl;inc;xsd</Extensions>
    </Filter>
    <Filter Include="Resource Files">
      <UniqueIdentifier>{67DA6AB6-F800-4c08-8B7A-83BB121AAD01}</UniqueIdentifier>
      <Extensions>rc;ico;cur;bmp;dlg;rc2;rct;bin;rgs;gif;jpg;jpeg;jpe;resx;tiff;tif;png;wav;mfcribbon-ms</Extensions>
    </Filter>
    <Filter Include="data">
      <UniqueIdentifier>{0d6fdd00-d23c-4092-b8b4-2905fccecf74}</UniqueIdentifier>
    </Filter>
    <Filter Include="native">
      <UniqueIdentifier>{9a67bce2-e6fe-475a-9a26-c3b98d7d2e85}</UniqueIdentifier>
    </Filter>
    <Filter Include="render">
      <UniqueIdentifier>{58bc8025-0555-4476-a6de-a7a46706c4dc}</UniqueIdentifier>
    </Filter>
    <Filter Include="render\render_util">
      <UniqueIdentifier>{fb684a97-85af-4857-95c9-ff029425da1f}</UniqueIdentifier>
    </Filter>
    <Filter Include="render\render_system">
      <UniqueIdentifier>{d9e869c2-f3aa-4fe8-af06-c889e25c5cd0}</UniqueIdentifier>
    </Filter>
    <Filter Include="render\render_core">
      <UniqueIdentifier>{c400562c-3c14-49c8-8710-7ac8ebb9f13b}</UniqueIdentifier>
    </Filter>
    <Filter Include="render\render_system\directx">
      <UniqueIdentifier>{3b344928-16cc-4387-b8b3-d2c6822e9106}</UniqueIdentifier>
    </Filter>
    <Filter Include="render\render_system\opengles">
      <UniqueIdentifier>{4ca91f90-7b6f-4d79-9f9a-75411a2d15de}</UniqueIdentifier>
    </Filter>
  </ItemGroup>
  <ItemGroup>
    <ClInclude Include="data\pecker_array.h">
      <Filter>data</Filter>
    </ClInclude>
    <ClInclude Include="data\pecker_array_algorithm.h">
      <Filter>data</Filter>
    </ClInclude>
    <ClInclude Include="data\pecker_avl_tree.h">
      <Filter>data</Filter>
    </ClInclude>
    <ClInclude Include="data\pecker_avl_tree_algorithm.h">
      <Filter>data</Filter>
    </ClInclude>
    <ClInclude Include="data\pecker_balance_tst_algorithm.h">
      <Filter>data</Filter>
    </ClInclude>
    <ClInclude Include="PeckerDefines.h">
      <Filter>Header Files</Filter>
    </ClInclude>
    <ClInclude Include="CPeckerObject.h">
      <Filter>Header Files</Filter>
    </ClInclude>
    <ClInclude Include="PeckerConfig.h">
      <Filter>Header Files</Filter>
    </ClInclude>
    <ClInclude Include="data\pecker_iterator.h">
      <Filter>data</Filter>
    </ClInclude>
    <ClInclude Include="data\pecker_nodes_allocate.h">
      <Filter>data</Filter>
    </ClInclude>
    <ClInclude Include="native\pecker_timetick.h">
      <Filter>native</Filter>
    </ClInclude>
    <ClInclude Include="native\pecker_log.h">
      <Filter>native</Filter>
    </ClInclude>
    <ClInclude Include="native\pecker_stream.h">
      <Filter>native</Filter>
    </ClInclude>
    <ClInclude Include="native\pecker_thread.h">
      <Filter>native</Filter>
    </ClInclude>
    <ClInclude Include="native\pecker_file_io.h">
      <Filter>native</Filter>
    </ClInclude>
    <ClInclude Include="data\pecker_list.h">
      <Filter>data</Filter>
    </ClInclude>
    <ClInclude Include="data\pecker_list_algorithm.h">
      <Filter>data</Filter>
    </ClInclude>
    <ClInclude Include="data\pecker_balance_tenary_tree.h">
      <Filter>data</Filter>
    </ClInclude>
    <ClInclude Include="data\pecker_value_compare.h">
      <Filter>data</Filter>
    </ClInclude>
    <ClInclude Include="data\pecker_string.h">
      <Filter>data</Filter>
    </ClInclude>
    <ClInclude Include="native\pecker_allocator.h">
      <Filter>native</Filter>
    </ClInclude>
    <ClInclude Include="data\pecker_stack.h">
      <Filter>data</Filter>
    </ClInclude>
    <ClInclude Include="data\pecker_bst_iterator.h">
      <Filter>data</Filter>
    </ClInclude>
    <ClInclude Include="data\pecker_bst_algorithm.h">
      <Filter>data</Filter>
    </ClInclude>
    <ClInclude Include="data\pecker_array_iterator.h">
      <Filter>data</Filter>
    </ClInclude>
    <ClInclude Include="data\pecker_list_iterator.h">
      <Filter>data</Filter>
    </ClInclude>
    <ClInclude Include="native\pecker_window.h">
      <Filter>native</Filter>
    </ClInclude>
    <ClInclude Include="data\pecker_vector.h">
      <Filter>data</Filter>
    </ClInclude>
    <ClInclude Include="data\pecker_matrix.h">
      <Filter>data</Filter>
    </ClInclude>
    <ClInclude Include="render\pecker_render_object.h">
      <Filter>render</Filter>
    </ClInclude>
    <ClInclude Include="render\render_system\opengles\pecker_opengles_device.h">
      <Filter>render\render_system\opengles</Filter>
    </ClInclude>
    <ClInclude Include="render\render_system\opengles\pecker_shader_program_glsles1.h">
      <Filter>render\render_system\opengles</Filter>
    </ClInclude>
    <ClInclude Include="render\render_system\opengles\pecker_shader_program_glsles3.h">
      <Filter>render\render_system\opengles</Filter>
    </ClInclude>
    <ClInclude Include="render\render_system\opengles\pecker_opengles_object.h">
      <Filter>render\render_system\opengles</Filter>
    </ClInclude>
    <ClInclude Include="render\render_system\pecker_render_application.h">
      <Filter>render\render_system</Filter>
    </ClInclude>
    <ClInclude Include="render\render_system\pecker_buffer.h">
      <Filter>render\render_system</Filter>
    </ClInclude>
    <ClInclude Include="render\render_system\pecker_texture.h">
      <Filter>render\render_system</Filter>
    </ClInclude>
    <ClInclude Include="render\render_system\pecker_render_buffer.h">
      <Filter>render\render_system</Filter>
    </ClInclude>
    <ClInclude Include="render\render_system\pecker_frame_buffer.h">
      <Filter>render\render_system</Filter>
    </ClInclude>
    <ClInclude Include="render\render_system\pecker_fragment_operation.h">
      <Filter>render\render_system</Filter>
    </ClInclude>
    <ClInclude Include="render\render_system\opengles\pecker_buffer_gl.h">
      <Filter>render\render_system\opengles</Filter>
    </ClInclude>
    <ClInclude Include="render\render_system\opengles\pecker_texture_gl.h">
      <Filter>render\render_system\opengles</Filter>
    </ClInclude>
    <ClInclude Include="render\render_system\opengles\pecker_render_buffer_gl.h">
      <Filter>render\render_system\opengles</Filter>
    </ClInclude>
    <ClInclude Include="render\render_system\opengles\pecker_frame_buffer_gl.h">
      <Filter>render\render_system\opengles</Filter>
    </ClInclude>
    <ClInclude Include="render\render_system\opengles\pecker_fragment_operation_gl.h">
      <Filter>render\render_system\opengles</Filter>
    </ClInclude>
    <ClInclude Include="render\render_system\pecker_gpu_program.h">
      <Filter>render\render_system</Filter>
    </ClInclude>
    <ClInclude Include="render\render_system\pecker_render_system.h">
      <Filter>render\render_system</Filter>
    </ClInclude>
    <ClInclude Include="render\render_system\pecker_render_device.h">
      <Filter>render\render_system</Filter>
    </ClInclude>
    <ClInclude Include="render\render_system\opengles\pecker_render_resource_container_gl.h">
      <Filter>render\render_system\opengles</Filter>
    </ClInclude>
  </ItemGroup>
  <ItemGroup>
    <ClCompile Include="PeckerObject.cpp">
      <Filter>Source Files</Filter>
    </ClCompile>
    <ClCompile Include="test_main.cpp">
      <Filter>Source Files</Filter>
    </ClCompile>
    <ClCompile Include="array_test.cpp">
      <Filter>Source Files</Filter>
    </ClCompile>
    <ClCompile Include="avl_tree_container_test.cpp">
      <Filter>Source Files</Filter>
    </ClCompile>
    <ClCompile Include="share_string_test.cpp">
      <Filter>Source Files</Filter>
    </ClCompile>
    <ClCompile Include="btst_tree_test.cpp">
      <Filter>Source Files</Filter>
    </ClCompile>
    <ClCompile Include="native\pecker_tick.cpp">
      <Filter>native</Filter>
    </ClCompile>
    <ClCompile Include="native\pecker_stream.cpp">
      <Filter>native</Filter>
    </ClCompile>
    <ClCompile Include="native\pecker_thread.cpp">
      <Filter>native</Filter>
    </ClCompile>
    <ClCompile Include="native\pecker_file_io.cpp">
      <Filter>native</Filter>
    </ClCompile>
    <ClCompile Include="bst_iterator_test.cpp">
      <Filter>Source Files</Filter>
    </ClCompile>
    <ClCompile Include="list_test.cpp">
      <Filter>Source Files</Filter>
    </ClCompile>
    <ClCompile Include="native\pecker_window.cpp">
      <Filter>native</Filter>
    </ClCompile>
    <ClCompile Include="thread_test.cpp">
      <Filter>Source Files</Filter>
    </ClCompile>
    <ClCompile Include="window_test.cpp">
      <Filter>Source Files</Filter>
    </ClCompile>
    <ClCompile Include="data\pecker_matrix.cpp">
      <Filter>data</Filter>
    </ClCompile>
    <ClCompile Include="data\pecker_vector.cpp">
      <Filter>data</Filter>
    </ClCompile>
    <ClCompile Include="render\pecker_render_object.cpp">
      <Filter>render</Filter>
    </ClCompile>
    <ClCompile Include="render\render_system\opengles\pecker_opengles_object.cpp">
      <Filter>render\render_system\opengles</Filter>
    </ClCompile>
    <ClCompile Include="render\render_system\opengles\pecker_shader_program_glsles1.cpp">
      <Filter>render\render_system\opengles</Filter>
    </ClCompile>
    <ClCompile Include="render\render_system\pecker_render_application.cpp">
      <Filter>render\render_system</Filter>
    </ClCompile>
    <ClCompile Include="render\render_system\pecker_buffer.cpp">
      <Filter>render\render_system</Filter>
    </ClCompile>
    <ClCompile Include="render\render_system\pecker_texture.cpp">
      <Filter>render\render_system</Filter>
    </ClCompile>
    <ClCompile Include="render\render_system\pecker_render_buffer.cpp">
      <Filter>render\render_system</Filter>
    </ClCompile>
    <ClCompile Include="render\render_system\opengles\pecker_buffer_gl.cpp">
      <Filter>render\render_system\opengles</Filter>
    </ClCompile>
    <ClCompile Include="vertex_index_test.cpp">
      <Filter>Source Files</Filter>
    </ClCompile>
    <ClCompile Include="render\render_system\opengles\pecker_texture_gl.cpp">
      <Filter>render\render_system\opengles</Filter>
    </ClCompile>
    <ClCompile Include="render\render_system\opengles\pecker_render_buffer_gl.cpp">
      <Filter>render\render_system\opengles</Filter>
    </ClCompile>
    <ClCompile Include="render\render_system\opengles\pecker_frame_buffer_gl.cpp">
      <Filter>render\render_system\opengles</Filter>
    </ClCompile>
    <ClCompile Include="render\render_system\opengles\pecker_fragment_operation_gl.cpp">
      <Filter>render\render_system\opengles</Filter>
    </ClCompile>
    <ClCompile Include="native\pecker_log.cpp">
      <Filter>native</Filter>
    </ClCompile>
    <ClCompile Include="render\render_system\opengles\pecker_opengles_device.cpp">
      <Filter>render\render_system\opengles</Filter>
    </ClCompile>
  </ItemGroup>
  <ItemGroup>
    <None Include="testlog.txt" />
    <None Include="tstasm_release.txt" />
    <None Include="avlasm_release_.txt" />
    <None Include="avlasm_debug.txt" />
    <None Include="tstasm_debug.txt" />
    <None Include="avlstdstringasm.txt" />
    <None Include="avlpeckerstring.txt" />
    <None Include="textlog2.txt" />
    <None Include="texlog3.txt" />
    <None Include="tetlog4.txt" />
    <None Include="license.txt" />
  </ItemGroup>
</Project>