<?xml version="1.0" encoding="utf-8"?>
<Project ToolsVersion="4.0" xmlns="http://schemas.microsoft.com/developer/msbuild/2003">
  <ItemGroup>
    <Filter Include="configs">
      <UniqueIdentifier>{ea525c9a-e410-4787-af33-808f5c708543}</UniqueIdentifier>
    </Filter>
    <Filter Include="data">
      <UniqueIdentifier>{c60dea6b-38b6-4d16-9340-8ccfd95f72c7}</UniqueIdentifier>
    </Filter>
  </ItemGroup>
  <ItemGroup>
    <ClInclude Include="pfx.h">
      <Filter>configs</Filter>
    </ClInclude>
    <ClInclude Include="pfx_configs.h">
      <Filter>configs</Filter>
    </ClInclude>
    <ClInclude Include="pfx_defines.h">
      <Filter>configs</Filter>
    </ClInclude>
    <ClInclude Include="data\pecker_collection.h">
      <Filter>data</Filter>
    </ClInclude>
    <ClInclude Include="data\pecker_value_compare.h">
      <Filter>data</Filter>
    </ClInclude>
    <ClInclude Include="data\pfx_array_algorithm.h">
      <Filter>data</Filter>
    </ClInclude>
    <ClInclude Include="data\pfx_avl_tree.h">
      <Filter>data</Filter>
    </ClInclude>
    <ClInclude Include="data\pfx_avl_tree_algorithm.h">
      <Filter>data</Filter>
    </ClInclude>
    <ClInclude Include="data\pfx_balance_bst.h">
      <Filter>data</Filter>
    </ClInclude>
    <ClInclude Include="data\pfx_balance_tenary_tree.h">
      <Filter>data</Filter>
    </ClInclude>
    <ClInclude Include="data\pfx_balance_tst_algorithm.h">
      <Filter>data</Filter>
    </ClInclude>
    <ClInclude Include="data\pfx_bst.h">
      <Filter>data</Filter>
    </ClInclude>
    <ClInclude Include="data\pfx_bst_algorithm.h">
      <Filter>data</Filter>
    </ClInclude>
    <ClInclude Include="data\pfx_bst_iterator.h">
      <Filter>data</Filter>
    </ClInclude>
    <ClInclude Include="data\pfx_fixed_point.h">
      <Filter>data</Filter>
    </ClInclude>
    <ClInclude Include="data\pfx_iterator.h">
      <Filter>data</Filter>
    </ClInclude>
    <ClInclude Include="data\pfx_list.h">
      <Filter>data</Filter>
    </ClInclude>
    <ClInclude Include="data\pfx_math.h">
      <Filter>data</Filter>
    </ClInclude>
    <ClInclude Include="data\pfx_math_table.h">
      <Filter>data</Filter>
    </ClInclude>
    <ClInclude Include="data\pfx_matrix4.h">
      <Filter>data</Filter>
    </ClInclude>
    <ClInclude Include="data\pfx_redblack_tree_algorithm.h">
      <Filter>data</Filter>
    </ClInclude>
    <ClInclude Include="data\pfx_share_string.h">
      <Filter>data</Filter>
    </ClInclude>
    <ClInclude Include="data\pfx_simd_optimization.h">
      <Filter>data</Filter>
    </ClInclude>
    <ClInclude Include="data\pfx_stack.h">
      <Filter>data</Filter>
    </ClInclude>
    <ClInclude Include="data\pfx_string.h">
      <Filter>data</Filter>
    </ClInclude>
    <ClInclude Include="data\pfx_util.h">
      <Filter>data</Filter>
    </ClInclude>
    <ClInclude Include="data\pfx_vector4.h">
      <Filter>data</Filter>
    </ClInclude>
    <ClInclude Include="data\pfx_cstring.h">
      <Filter>data</Filter>
    </ClInclude>
    <ClInclude Include="data\pfx_carray.h">
      <Filter>data</Filter>
    </ClInclude>
    <ClInclude Include="data\pfx_cbst.h">
      <Filter>data</Filter>
    </ClInclude>
    <ClInclude Include="data\pfx_clist.h">
      <Filter>data</Filter>
    </ClInclude>
    <ClInclude Include="data\pfx_cbst_codes.h">
      <Filter>data</Filter>
    </ClInclude>
    <ClInclude Include="data\pfx_cbst_iterator_codes.h">
      <Filter>data</Filter>
    </ClInclude>
  </ItemGroup>
  <ItemGroup>
    <ClCompile Include="data\pfx_array_algorithm.cpp">
      <Filter>data</Filter>
    </ClCompile>
    <ClCompile Include="data\pfx_avl_tree_algorithm.cpp">
      <Filter>data</Filter>
    </ClCompile>
    <ClCompile Include="data\pfx_balance_tst_algorithm.cpp">
      <Filter>data</Filter>
    </ClCompile>
    <ClCompile Include="data\pfx_bst_algorithm.cpp">
      <Filter>data</Filter>
    </ClCompile>
    <ClCompile Include="data\pfx_bst_iterator.cpp">
      <Filter>data</Filter>
    </ClCompile>
    <ClCompile Include="data\pfx_redblack_tree_algorithm.cpp">
      <Filter>data</Filter>
    </ClCompile>
    <ClCompile Include="data\pfx_share_string.cpp">
      <Filter>data</Filter>
    </ClCompile>
    <ClCompile Include="data\pfx_string.cpp">
      <Filter>data</Filter>
    </ClCompile>
  </ItemGroup>
</Project>