<?xml version="1.0" encoding="utf-8"?>
<Project ToolsVersion="4.0" xmlns="http://schemas.microsoft.com/developer/msbuild/2003">
  <ItemGroup>
    <Filter Include="Source Files">
      <UniqueIdentifier>{4FC737F1-C7A5-4376-A066-2A32D752A2FF}</UniqueIdentifier>
      <Extensions>cpp;c;cc;cxx;def;odl;idl;hpj;bat;asm;asmx</Extensions>
    </Filter>
    <Filter Include="Header Files">
      <UniqueIdentifier>{93995380-89BD-4b04-88EB-625FBE52EBFB}</UniqueIdentifier>
      <Extensions>h;hpp;hxx;hm;inl;inc;xsd</Extensions>
    </Filter>
    <Filter Include="Resource Files">
      <UniqueIdentifier>{67DA6AB6-F800-4c08-8B7A-83BB121AAD01}</UniqueIdentifier>
      <Extensions>rc;ico;cur;bmp;dlg;rc2;rct;bin;rgs;gif;jpg;jpeg;jpe;resx;tiff;tif;png;wav;mfcribbon-ms</Extensions>
    </Filter>
    <Filter Include="data">
      <UniqueIdentifier>{0d6fdd00-d23c-4092-b8b4-2905fccecf74}</UniqueIdentifier>
    </Filter>
    <Filter Include="native">
      <UniqueIdentifier>{9a67bce2-e6fe-475a-9a26-c3b98d7d2e85}</UniqueIdentifier>
    </Filter>
    <Filter Include="render">
      <UniqueIdentifier>{58bc8025-0555-4476-a6de-a7a46706c4dc}</UniqueIdentifier>
    </Filter>
    <Filter Include="render\render_util">
      <UniqueIdentifier>{fb684a97-85af-4857-95c9-ff029425da1f}</UniqueIdentifier>
    </Filter>
    <Filter Include="render\render_system">
      <UniqueIdentifier>{d9e869c2-f3aa-4fe8-af06-c889e25c5cd0}</UniqueIdentifier>
    </Filter>
    <Filter Include="render\render_core">
      <UniqueIdentifier>{c400562c-3c14-49c8-8710-7ac8ebb9f13b}</UniqueIdentifier>
    </Filter>
    <Filter Include="render\render_system\directx">
      <UniqueIdentifier>{3b344928-16cc-4387-b8b3-d2c6822e9106}</UniqueIdentifier>
    </Filter>
    <Filter Include="render\render_system\openglex">
      <UniqueIdentifier>{36365b7d-0e9f-49a1-bb8c-e7199d577a8f}</UniqueIdentifier>
    </Filter>
    <Filter Include="test">
      <UniqueIdentifier>{ed8aea05-9168-41ba-8260-d0a9296a20f2}</UniqueIdentifier>
    </Filter>
    <Filter Include="test_data">
      <UniqueIdentifier>{f82080b8-bb6e-4c0f-ab1d-b0025f82b543}</UniqueIdentifier>
    </Filter>
    <Filter Include="configs">
      <UniqueIdentifier>{8d1cbbb2-3b99-493a-bc7e-40a6024cd519}</UniqueIdentifier>
    </Filter>
  </ItemGroup>
  <ItemGroup>
    <ClInclude Include="native\pfx_allocator.h">
      <Filter>native</Filter>
    </ClInclude>
    <ClInclude Include="native\pfx_log.h">
      <Filter>native</Filter>
    </ClInclude>
    <ClInclude Include="native\pfx_timetick.h">
      <Filter>native</Filter>
    </ClInclude>
    <ClInclude Include="data\pfx_array.h">
      <Filter>data</Filter>
    </ClInclude>
    <ClInclude Include="data\pfx_array_algorithm.h">
      <Filter>data</Filter>
    </ClInclude>
    <ClInclude Include="data\pfx_avl_tree.h">
      <Filter>data</Filter>
    </ClInclude>
    <ClInclude Include="data\pfx_avl_tree_algorithm.h">
      <Filter>data</Filter>
    </ClInclude>
    <ClInclude Include="data\pfx_balance_tenary_tree.h">
      <Filter>data</Filter>
    </ClInclude>
    <ClInclude Include="data\pfx_balance_tst_algorithm.h">
      <Filter>data</Filter>
    </ClInclude>
    <ClInclude Include="data\pfx_bst_algorithm.h">
      <Filter>data</Filter>
    </ClInclude>
    <ClInclude Include="data\pfx_bst_iterator.h">
      <Filter>data</Filter>
    </ClInclude>
    <ClInclude Include="data\pfx_iterator.h">
      <Filter>data</Filter>
    </ClInclude>
    <ClInclude Include="data\pfx_list.h">
      <Filter>data</Filter>
    </ClInclude>
    <ClInclude Include="data\pfx_matrix4.h">
      <Filter>data</Filter>
    </ClInclude>
    <ClInclude Include="data\pfx_stack.h">
      <Filter>data</Filter>
    </ClInclude>
    <ClInclude Include="data\pfx_vector4.h">
      <Filter>data</Filter>
    </ClInclude>
    <ClInclude Include="data\pecker_value_compare.h">
      <Filter>data</Filter>
    </ClInclude>
    <ClInclude Include="data\pecker_collection.h">
      <Filter>data</Filter>
    </ClInclude>
    <ClInclude Include="native\pfx_file_io.h">
      <Filter>native</Filter>
    </ClInclude>
    <ClInclude Include="native\pfx_stream.h">
      <Filter>native</Filter>
    </ClInclude>
    <ClInclude Include="test\pfx_file_inputdata_cmd.h">
      <Filter>test</Filter>
    </ClInclude>
    <ClInclude Include="pfx_configs.h">
      <Filter>configs</Filter>
    </ClInclude>
    <ClInclude Include="pfx.h">
      <Filter>configs</Filter>
    </ClInclude>
    <ClInclude Include="pfx_defines.h">
      <Filter>configs</Filter>
    </ClInclude>
    <ClInclude Include="data\pfx_math.h">
      <Filter>data</Filter>
    </ClInclude>
    <ClInclude Include="data\pfx_balance_bst.h">
      <Filter>data</Filter>
    </ClInclude>
    <ClInclude Include="data\pfx_bst.h">
      <Filter>data</Filter>
    </ClInclude>
    <ClInclude Include="data\pfx_redblack_tree_algorithm.h">
      <Filter>data</Filter>
    </ClInclude>
    <ClInclude Include="data\pfx_share_string.h">
      <Filter>data</Filter>
    </ClInclude>
    <ClInclude Include="data\pfx_string.h">
      <Filter>data</Filter>
    </ClInclude>
    <ClInclude Include="data\pfx_fixed_point.h">
      <Filter>data</Filter>
    </ClInclude>
    <ClInclude Include="data\pfx_math_table.h">
      <Filter>data</Filter>
    </ClInclude>
    <ClInclude Include="data\pfx_simd_optimization.h">
      <Filter>data</Filter>
    </ClInclude>
    <ClInclude Include="data\pfx_util.h">
      <Filter>data</Filter>
    </ClInclude>
    <ClInclude Include="render\render_system\pfx_framebuffer.h">
      <Filter>render\render_system</Filter>
    </ClInclude>
    <ClInclude Include="render\render_system\pfx_render_pipeline.h">
      <Filter>render\render_system</Filter>
    </ClInclude>
    <ClInclude Include="render\render_system\pfx_renderbuffer.h">
      <Filter>render\render_system</Filter>
    </ClInclude>
    <ClInclude Include="render\render_system\pfx_rendersystem.h">
      <Filter>render\render_system</Filter>
    </ClInclude>
    <ClInclude Include="render\render_system\pfx_rendertarget.h">
      <Filter>render\render_system</Filter>
    </ClInclude>
    <ClInclude Include="render\render_system\pfx_shader_program.h">
      <Filter>render\render_system</Filter>
    </ClInclude>
    <ClInclude Include="render\render_system\pfx_texture.h">
      <Filter>render\render_system</Filter>
    </ClInclude>
    <ClInclude Include="render\render_system\pfx_vertext_index_buffer.h">
      <Filter>render\render_system</Filter>
    </ClInclude>
    <ClInclude Include="render\render_system\pfx_view_context.h">
      <Filter>render\render_system</Filter>
    </ClInclude>
    <ClInclude Include="render\render_system\opengles\pfx_view_context_opengles.h">
      <Filter>render\render_system\openglex</Filter>
    </ClInclude>
    <ClInclude Include="render\pfx_render.h">
      <Filter>render</Filter>
    </ClInclude>
    <ClInclude Include="render\render_util\pfx_load_uncompress_bitmap.h">
      <Filter>render\render_util</Filter>
    </ClInclude>
    <ClInclude Include="render\pfx_render_type.h">
      <Filter>render</Filter>
    </ClInclude>
    <ClInclude Include="render\render_system\pfx_rendertevent.h">
      <Filter>render\render_system</Filter>
    </ClInclude>
  </ItemGroup>
  <ItemGroup>
    <ClCompile Include="native\pfx_allocator.cpp">
      <Filter>native</Filter>
    </ClCompile>
    <ClCompile Include="native\pfx_timetick.cpp">
      <Filter>native</Filter>
    </ClCompile>
    <ClCompile Include="main.cpp">
      <Filter>Source Files</Filter>
    </ClCompile>
    <ClCompile Include="test\pfx_list_test.cpp">
      <Filter>test</Filter>
    </ClCompile>
    <ClCompile Include="test\test_main.cpp">
      <Filter>test</Filter>
    </ClCompile>
    <ClCompile Include="test\pfx_string_test.cpp">
      <Filter>test</Filter>
    </ClCompile>
    <ClCompile Include="data\pfx_array_algorithm.cpp">
      <Filter>data</Filter>
    </ClCompile>
    <ClCompile Include="test\pfx_array_test.cpp">
      <Filter>test</Filter>
    </ClCompile>
    <ClCompile Include="test\pfx_arrayblock_test.cpp">
      <Filter>test</Filter>
    </ClCompile>
    <ClCompile Include="test\pfx_dynamic_linear_array_test.cpp">
      <Filter>test</Filter>
    </ClCompile>
    <ClCompile Include="data\pfx_avl_tree_algorithm.cpp">
      <Filter>data</Filter>
    </ClCompile>
    <ClCompile Include="data\pfx_bst_iterator.cpp">
      <Filter>data</Filter>
    </ClCompile>
    <ClCompile Include="test\pfx_bst_test.cpp">
      <Filter>test</Filter>
    </ClCompile>
    <ClCompile Include="native\pfx_file_io.cpp">
      <Filter>native</Filter>
    </ClCompile>
    <ClCompile Include="native\pfx_stream.cpp">
      <Filter>native</Filter>
    </ClCompile>
    <ClCompile Include="test\pfx_file_inputdata_cmd.cpp">
      <Filter>test</Filter>
    </ClCompile>
    <ClCompile Include="test\pfx_stream_test.cpp">
      <Filter>test</Filter>
    </ClCompile>
    <ClCompile Include="data\pfx_bst_algorithm.cpp">
      <Filter>data</Filter>
    </ClCompile>
    <ClCompile Include="test\pfx_avl_test.cpp">
      <Filter>test</Filter>
    </ClCompile>
    <ClCompile Include="data\pfx_redblack_tree_algorithm.cpp">
      <Filter>data</Filter>
    </ClCompile>
    <ClCompile Include="test\pfx_rbtree_test.cpp">
      <Filter>test</Filter>
    </ClCompile>
    <ClCompile Include="data\pfx_share_string.cpp">
      <Filter>data</Filter>
    </ClCompile>
    <ClCompile Include="data\pfx_string.cpp">
      <Filter>data</Filter>
    </ClCompile>
    <ClCompile Include="data\pfx_balance_tst_algorithm.cpp">
      <Filter>data</Filter>
    </ClCompile>
    <ClCompile Include="test\pfx_matrix_test.cpp">
      <Filter>test</Filter>
    </ClCompile>
    <ClCompile Include="render\render_system\pfx_render_pipeline.cpp">
      <Filter>render\render_system</Filter>
    </ClCompile>
  </ItemGroup>
  <ItemGroup>
    <None Include="test_data\bst_test_data.txt">
      <Filter>test_data</Filter>
    </None>
  </ItemGroup>
</Project>