<?xml version="1.0" encoding="utf-8"?>
<Project ToolsVersion="4.0" xmlns="http://schemas.microsoft.com/developer/msbuild/2003">
  <ItemGroup>
    <Filter Include="Source Files">
      <UniqueIdentifier>{4FC737F1-C7A5-4376-A066-2A32D752A2FF}</UniqueIdentifier>
      <Extensions>cpp;c;cc;cxx;def;odl;idl;hpj;bat;asm;asmx</Extensions>
    </Filter>
    <Filter Include="Header Files">
      <UniqueIdentifier>{93995380-89BD-4b04-88EB-625FBE52EBFB}</UniqueIdentifier>
      <Extensions>h;hh;hpp;hxx;hm;inl;inc;xsd</Extensions>
    </Filter>
    <Filter Include="Resource Files">
      <UniqueIdentifier>{67DA6AB6-F800-4c08-8B7A-83BB121AAD01}</UniqueIdentifier>
      <Extensions>rc;ico;cur;bmp;dlg;rc2;rct;bin;rgs;gif;jpg;jpeg;jpe;resx;tiff;tif;png;wav;mfcribbon-ms</Extensions>
    </Filter>
    <Filter Include="Source Files\math">
      <UniqueIdentifier>{628823c8-fea0-4a8d-84fc-0b1d60c50505}</UniqueIdentifier>
    </Filter>
    <Filter Include="Source Files\common">
      <UniqueIdentifier>{828e6b93-088b-4481-a9a0-989f89a1d6cc}</UniqueIdentifier>
    </Filter>
  </ItemGroup>
  <ItemGroup>
    <Text Include="ReadMe.txt" />
    <Text Include="..\modules\CMakeLists.txt" />
  </ItemGroup>
  <ItemGroup>
    <ClCompile Include="..\modules\math\NE10_abs.c">
      <Filter>Source Files\math</Filter>
    </ClCompile>
    <ClCompile Include="..\modules\math\NE10_add.c">
      <Filter>Source Files\math</Filter>
    </ClCompile>
    <ClCompile Include="..\modules\math\NE10_addc.c">
      <Filter>Source Files\math</Filter>
    </ClCompile>
    <ClCompile Include="..\modules\math\NE10_addmat.c">
      <Filter>Source Files\math</Filter>
    </ClCompile>
    <ClCompile Include="..\modules\math\NE10_cross.c">
      <Filter>Source Files\math</Filter>
    </ClCompile>
    <ClCompile Include="..\modules\math\NE10_detmat.c">
      <Filter>Source Files\math</Filter>
    </ClCompile>
    <ClCompile Include="..\modules\math\NE10_div.c">
      <Filter>Source Files\math</Filter>
    </ClCompile>
    <ClCompile Include="..\modules\math\NE10_divc.c">
      <Filter>Source Files\math</Filter>
    </ClCompile>
    <ClCompile Include="..\modules\math\NE10_dot.c">
      <Filter>Source Files\math</Filter>
    </ClCompile>
    <ClCompile Include="..\modules\math\NE10_identitymat.c">
      <Filter>Source Files\math</Filter>
    </ClCompile>
    <ClCompile Include="..\modules\math\NE10_invmat.c">
      <Filter>Source Files\math</Filter>
    </ClCompile>
    <ClCompile Include="..\modules\math\NE10_len.c">
      <Filter>Source Files\math</Filter>
    </ClCompile>
    <ClCompile Include="..\modules\math\NE10_mla.c">
      <Filter>Source Files\math</Filter>
    </ClCompile>
    <ClCompile Include="..\modules\math\NE10_mlac.c">
      <Filter>Source Files\math</Filter>
    </ClCompile>
    <ClCompile Include="..\modules\math\NE10_mul.c">
      <Filter>Source Files\math</Filter>
    </ClCompile>
    <ClCompile Include="..\modules\math\NE10_mulc.c">
      <Filter>Source Files\math</Filter>
    </ClCompile>
    <ClCompile Include="..\modules\math\NE10_mulcmatvec.c">
      <Filter>Source Files\math</Filter>
    </ClCompile>
    <ClCompile Include="..\modules\math\NE10_mulmat.c">
      <Filter>Source Files\math</Filter>
    </ClCompile>
    <ClCompile Include="..\modules\math\NE10_normalize.c">
      <Filter>Source Files\math</Filter>
    </ClCompile>
    <ClCompile Include="..\modules\math\NE10_rsbc.c">
      <Filter>Source Files\math</Filter>
    </ClCompile>
    <ClCompile Include="..\modules\math\NE10_setc.c">
      <Filter>Source Files\math</Filter>
    </ClCompile>
    <ClCompile Include="..\modules\math\NE10_sub.c">
      <Filter>Source Files\math</Filter>
    </ClCompile>
    <ClCompile Include="..\modules\math\NE10_subc.c">
      <Filter>Source Files\math</Filter>
    </ClCompile>
    <ClCompile Include="..\modules\math\NE10_submat.c">
      <Filter>Source Files\math</Filter>
    </ClCompile>
    <ClCompile Include="..\modules\math\NE10_transmat.c">
      <Filter>Source Files\math</Filter>
    </ClCompile>
    <ClCompile Include="..\common\NE10_mask_table.c">
      <Filter>Source Files\common</Filter>
    </ClCompile>
    <ClCompile Include="..\common\versionheader_c.c">
      <Filter>Source Files\common</Filter>
    </ClCompile>
  </ItemGroup>
  <ItemGroup>
    <ClInclude Include="..\modules\math\NE10_detmat.c.h">
      <Filter>Source Files\math</Filter>
    </ClInclude>
    <ClInclude Include="..\inc\NE10_macros.h">
      <Filter>Header Files</Filter>
    </ClInclude>
    <ClInclude Include="..\inc\NE10_math_pfx.h">
      <Filter>Header Files</Filter>
    </ClInclude>
    <ClInclude Include="..\inc\NE10_types.h">
      <Filter>Header Files</Filter>
    </ClInclude>
    <ClInclude Include="..\common\factor.h">
      <Filter>Source Files\common</Filter>
    </ClInclude>
    <ClInclude Include="..\common\macros.h">
      <Filter>Source Files\common</Filter>
    </ClInclude>
    <ClInclude Include="..\common\NE10_mask_table.h">
      <Filter>Source Files\common</Filter>
    </ClInclude>
    <ClInclude Include="..\common\versionheader.h">
      <Filter>Source Files\common</Filter>
    </ClInclude>
  </ItemGroup>
  <ItemGroup>
    <None Include="Ne10.def">
      <Filter>Source Files</Filter>
    </None>
  </ItemGroup>
</Project>