<?xml version="1.0" encoding="utf-8"?>
<Project ToolsVersion="4.0" xmlns="http://schemas.microsoft.com/developer/msbuild/2003">
  <ItemGroup>
    <ClCompile Include="main.cpp" />
    <ClCompile Include="pfx_file_inputdata_cmd.cpp" />
    <ClCompile Include="pfx_list_test.cpp" />
    <ClCompile Include="pfx_cmatrix_test.cpp" />
    <ClCompile Include="pfx_share_object_test.cpp" />
    <ClCompile Include="pfx_objectid_test.cpp" />
    <ClCompile Include="pfx_block_test.cpp" />
    <ClCompile Include="pfx_string_test.cpp" />
  </ItemGroup>
  <ItemGroup>
    <ClInclude Include="pfx_file_inputdata_cmd.h" />
  </ItemGroup>
</Project>