<?xml version="1.0" encoding="utf-8"?>
<Project ToolsVersion="4.0" xmlns="http://schemas.microsoft.com/developer/msbuild/2003">
  <ItemGroup>
    <ClCompile Include="main.cpp" />
    <ClCompile Include="pfx_file_inputdata_cmd.cpp" />
    <ClCompile Include="pfx_list_test.cpp" />
    <ClCompile Include="pfx_cmatrix_test.cpp" />
    <ClCompile Include="pfx_share_object_test.cpp" />
    <ClCompile Include="pfx_objectid_test.cpp" />
    <ClCompile Include="pfx_block_test.cpp" />
    <ClCompile Include="pfx_string_test.cpp" />
    <ClCompile Include="pfx_bst_test.cpp" />
    <ClCompile Include="pfx_avl_bst_test.cpp" />
    <ClCompile Include="pfx_rb_bst_test.cpp" />
    <ClCompile Include="pfx_carray_test.cpp" />
    <ClCompile Include="pfx_stress_test_bst.cpp" />
    <ClCompile Include="pfx_window_form_test.cpp" />
    <ClCompile Include="pfx_gles2_displayview_test.cpp" />
    <ClCompile Include="pfx_load_image.cpp" />
    <ClCompile Include="pfx_cmatrix_sse_test.cpp" />
  </ItemGroup>
  <ItemGroup>
    <ClInclude Include="pfx_file_inputdata_cmd.h" />
    <ClInclude Include="opengles2_test\pfx_hello_triangle_vbo.h">
      <Filter>opengles2_test</Filter>
    </ClInclude>
    <ClInclude Include="opengles2_test\pfx_hello_triangle.h">
      <Filter>opengles2_test</Filter>
    </ClInclude>
    <ClInclude Include="opengles2_test\pfx_opengles2_def.h">
      <Filter>opengles2_test</Filter>
    </ClInclude>
    <ClInclude Include="opengles2_test\pfx_hello_lena.h">
      <Filter>opengles2_test</Filter>
    </ClInclude>
  </ItemGroup>
  <ItemGroup>
    <Filter Include="opengles2_test">
      <UniqueIdentifier>{a6a4fe01-bd77-4eab-ab31-2688f60de958}</UniqueIdentifier>
    </Filter>
  </ItemGroup>
</Project>